
Microsoft Visual Studio Solution File, Format Version 12.00
# Visual Studio Version 17
VisualStudioVersion = 17.1.32228.430
MinimumVisualStudioVersion = 10.0.40219.1
Project("{FAE04EC0-301F-11D3-BF4B-00C04F79EFBC}") = "Test Builder", "Test Builder\Test Builder.csproj", "{89179A52-E863-43F7-B958-588CDB761E71}"
EndProject
Global
	GlobalSection(SolutionConfigurationPlatforms) = preSolution
		Debug|Any CPU = Debug|Any CPU
		Release|Any CPU = Release|Any CPU
	EndGlobalSection
	GlobalSection(ProjectConfigurationPlatforms) = postSolution
		{89179A52-E863-43F7-B958-588CDB761E71}.Debug|Any CPU.ActiveCfg = Debug|Any CPU
		{89179A52-E863-43F7-B958-588CDB761E71}.Debug|Any CPU.Build.0 = Debug|Any CPU
		{89179A52-E863-43F7-B958-588CDB761E71}.Release|Any CPU.ActiveCfg = Release|Any CPU
		{89179A52-E863-43F7-B958-588CDB761E71}.Release|Any CPU.Build.0 = Release|Any CPU
	EndGlobalSection
	GlobalSection(SolutionProperties) = preSolution
		HideSolutionNode = FALSE
	EndGlobalSection
	GlobalSection(ExtensibilityGlobals) = postSolution
		SolutionGuid = {63E7F2AC-9E6B-4E1F-BDF8-98B688A67F9A}
	EndGlobalSection
EndGlobal
